// !$*UTF8*$!
{
	archiveVersion = 1;
	classes = {
	};
	objectVersion = 56;
	objects = {

/* Begin PBXBuildFile section */
		18C9CB8C291C3D49001471A2 /* powerhrg_standard_take_home_challengeApp.swift in Sources */ = {isa = PBXBuildFile; fileRef = 18C9CB8B291C3D49001471A2 /* powerhrg_standard_take_home_challengeApp.swift */; };
		18C9CB90291C3D4D001471A2 /* Assets.xcassets in Resources */ = {isa = PBXBuildFile; fileRef = 18C9CB8F291C3D4D001471A2 /* Assets.xcassets */; };
		18C9CB93291C3D4D001471A2 /* Preview Assets.xcassets in Resources */ = {isa = PBXBuildFile; fileRef = 18C9CB92291C3D4D001471A2 /* Preview Assets.xcassets */; };
		18C9CB9A291C5BBB001471A2 /* UsersListView.swift in Sources */ = {isa = PBXBuildFile; fileRef = 18C9CB99291C5BBA001471A2 /* UsersListView.swift */; };
		18C9CB9C291C5BEA001471A2 /* DrillDownSettingsView.swift in Sources */ = {isa = PBXBuildFile; fileRef = 18C9CB9B291C5BEA001471A2 /* DrillDownSettingsView.swift */; };
		18C9CBA1291C86C1001471A2 /* room.swift in Sources */ = {isa = PBXBuildFile; fileRef = 18C9CBA0291C86C1001471A2 /* room.swift */; };
		18C9CBA3291C86D2001471A2 /* person.swift in Sources */ = {isa = PBXBuildFile; fileRef = 18C9CBA2291C86D2001471A2 /* person.swift */; };
		18C9CBA6291C8F28001471A2 /* usersListViewModel.swift in Sources */ = {isa = PBXBuildFile; fileRef = 18C9CBA5291C8F28001471A2 /* usersListViewModel.swift */; };
		18C9CBAA291C9B3D001471A2 /* peopleSectionCardView.swift in Sources */ = {isa = PBXBuildFile; fileRef = 18C9CBA9291C9B3D001471A2 /* peopleSectionCardView.swift */; };
		18C9CBB4291D4240001471A2 /* roomSectionCardView.swift in Sources */ = {isa = PBXBuildFile; fileRef = 18C9CBB3291D4240001471A2 /* roomSectionCardView.swift */; };
		18DD3726291F1E4200ABFEFD /* roomMembersView.swift in Sources */ = {isa = PBXBuildFile; fileRef = 18DD3725291F1E4200ABFEFD /* roomMembersView.swift */; };
/* End PBXBuildFile section */

/* Begin PBXFileReference section */
		18C9CB88291C3D49001471A2 /* powerhrg standard take home challenge.app */ = {isa = PBXFileReference; explicitFileType = wrapper.application; includeInIndex = 0; path = "powerhrg standard take home challenge.app"; sourceTree = BUILT_PRODUCTS_DIR; };
		18C9CB8B291C3D49001471A2 /* powerhrg_standard_take_home_challengeApp.swift */ = {isa = PBXFileReference; lastKnownFileType = sourcecode.swift; path = powerhrg_standard_take_home_challengeApp.swift; sourceTree = "<group>"; };
		18C9CB8F291C3D4D001471A2 /* Assets.xcassets */ = {isa = PBXFileReference; lastKnownFileType = folder.assetcatalog; path = Assets.xcassets; sourceTree = "<group>"; };
		18C9CB92291C3D4D001471A2 /* Preview Assets.xcassets */ = {isa = PBXFileReference; lastKnownFileType = folder.assetcatalog; path = "Preview Assets.xcassets"; sourceTree = "<group>"; };
		18C9CB99291C5BBA001471A2 /* UsersListView.swift */ = {isa = PBXFileReference; lastKnownFileType = sourcecode.swift; path = UsersListView.swift; sourceTree = "<group>"; };
		18C9CB9B291C5BEA001471A2 /* DrillDownSettingsView.swift */ = {isa = PBXFileReference; lastKnownFileType = sourcecode.swift; path = DrillDownSettingsView.swift; sourceTree = "<group>"; };
		18C9CBA0291C86C1001471A2 /* room.swift */ = {isa = PBXFileReference; lastKnownFileType = sourcecode.swift; path = room.swift; sourceTree = "<group>"; };
		18C9CBA2291C86D2001471A2 /* person.swift */ = {isa = PBXFileReference; lastKnownFileType = sourcecode.swift; path = person.swift; sourceTree = "<group>"; };
		18C9CBA5291C8F28001471A2 /* usersListViewModel.swift */ = {isa = PBXFileReference; lastKnownFileType = sourcecode.swift; path = usersListViewModel.swift; sourceTree = "<group>"; };
		18C9CBA9291C9B3D001471A2 /* peopleSectionCardView.swift */ = {isa = PBXFileReference; lastKnownFileType = sourcecode.swift; path = peopleSectionCardView.swift; sourceTree = "<group>"; };
		18C9CBB3291D4240001471A2 /* roomSectionCardView.swift */ = {isa = PBXFileReference; lastKnownFileType = sourcecode.swift; path = roomSectionCardView.swift; sourceTree = "<group>"; };
		18DD3725291F1E4200ABFEFD /* roomMembersView.swift */ = {isa = PBXFileReference; lastKnownFileType = sourcecode.swift; path = roomMembersView.swift; sourceTree = "<group>"; };
/* End PBXFileReference section */

/* Begin PBXFrameworksBuildPhase section */
		18C9CB85291C3D49001471A2 /* Frameworks */ = {
			isa = PBXFrameworksBuildPhase;
			buildActionMask = 2147483647;
			files = (
			);
			runOnlyForDeploymentPostprocessing = 0;
		};
/* End PBXFrameworksBuildPhase section */

/* Begin PBXGroup section */
		18C9CB7F291C3D49001471A2 = {
			isa = PBXGroup;
			children = (
				18C9CB8A291C3D49001471A2 /* powerhrg standard take home challenge */,
				18C9CB89291C3D49001471A2 /* Products */,
			);
			sourceTree = "<group>";
		};
		18C9CB89291C3D49001471A2 /* Products */ = {
			isa = PBXGroup;
			children = (
				18C9CB88291C3D49001471A2 /* powerhrg standard take home challenge.app */,
			);
			name = Products;
			sourceTree = "<group>";
		};
		18C9CB8A291C3D49001471A2 /* powerhrg standard take home challenge */ = {
			isa = PBXGroup;
			children = (
				18C9CB8B291C3D49001471A2 /* powerhrg_standard_take_home_challengeApp.swift */,
				18C9CB9D291C864C001471A2 /* Views */,
				18C9CB9F291C867C001471A2 /* Models */,
				18C9CBA4291C8EEC001471A2 /* ViewModel */,
				18C9CB8F291C3D4D001471A2 /* Assets.xcassets */,
				18C9CB91291C3D4D001471A2 /* Preview Content */,
			);
			path = "powerhrg standard take home challenge";
			sourceTree = "<group>";
		};
		18C9CB91291C3D4D001471A2 /* Preview Content */ = {
			isa = PBXGroup;
			children = (
				18C9CB92291C3D4D001471A2 /* Preview Assets.xcassets */,
			);
			path = "Preview Content";
			sourceTree = "<group>";
		};
		18C9CB9D291C864C001471A2 /* Views */ = {
			isa = PBXGroup;
			children = (
				18C9CB99291C5BBA001471A2 /* UsersListView.swift */,
				18C9CB9B291C5BEA001471A2 /* DrillDownSettingsView.swift */,
				18C9CBA9291C9B3D001471A2 /* peopleSectionCardView.swift */,
				18C9CBB3291D4240001471A2 /* roomSectionCardView.swift */,
				18DD3725291F1E4200ABFEFD /* roomMembersView.swift */,
			);
			path = Views;
			sourceTree = "<group>";
		};
		18C9CB9F291C867C001471A2 /* Models */ = {
			isa = PBXGroup;
			children = (
				18C9CBA0291C86C1001471A2 /* room.swift */,
				18C9CBA2291C86D2001471A2 /* person.swift */,
			);
			path = Models;
			sourceTree = "<group>";
		};
		18C9CBA4291C8EEC001471A2 /* ViewModel */ = {
			isa = PBXGroup;
			children = (
				18C9CBA5291C8F28001471A2 /* usersListViewModel.swift */,
			);
			path = ViewModel;
			sourceTree = "<group>";
		};
/* End PBXGroup section */

/* Begin PBXNativeTarget section */
		18C9CB87291C3D49001471A2 /* powerhrg standard take home challenge */ = {
			isa = PBXNativeTarget;
			buildConfigurationList = 18C9CB96291C3D4D001471A2 /* Build configuration list for PBXNativeTarget "powerhrg standard take home challenge" */;
			buildPhases = (
				18C9CB84291C3D49001471A2 /* Sources */,
				18C9CB85291C3D49001471A2 /* Frameworks */,
				18C9CB86291C3D49001471A2 /* Resources */,
			);
			buildRules = (
			);
			dependencies = (
			);
			name = "powerhrg standard take home challenge";
			productName = "powerhrg standard take home challenge";
			productReference = 18C9CB88291C3D49001471A2 /* powerhrg standard take home challenge.app */;
			productType = "com.apple.product-type.application";
		};
/* End PBXNativeTarget section */

/* Begin PBXProject section */
		18C9CB80291C3D49001471A2 /* Project object */ = {
			isa = PBXProject;
			attributes = {
				BuildIndependentTargetsInParallel = 1;
				LastSwiftUpdateCheck = 1400;
				LastUpgradeCheck = 1400;
				TargetAttributes = {
					18C9CB87291C3D49001471A2 = {
						CreatedOnToolsVersion = 14.0.1;
					};
				};
			};
			buildConfigurationList = 18C9CB83291C3D49001471A2 /* Build configuration list for PBXProject "powerhrg standard take home challenge" */;
			compatibilityVersion = "Xcode 14.0";
			developmentRegion = en;
			hasScannedForEncodings = 0;
			knownRegions = (
				en,
				Base,
			);
			mainGroup = 18C9CB7F291C3D49001471A2;
			productRefGroup = 18C9CB89291C3D49001471A2 /* Products */;
			projectDirPath = "";
			projectRoot = "";
			targets = (
				18C9CB87291C3D49001471A2 /* powerhrg standard take home challenge */,
			);
		};
/* End PBXProject section */

/* Begin PBXResourcesBuildPhase section */
		18C9CB86291C3D49001471A2 /* Resources */ = {
			isa = PBXResourcesBuildPhase;
			buildActionMask = 2147483647;
			files = (
				18C9CB93291C3D4D001471A2 /* Preview Assets.xcassets in Resources */,
				18C9CB90291C3D4D001471A2 /* Assets.xcassets in Resources */,
			);
			runOnlyForDeploymentPostprocessing = 0;
		};
/* End PBXResourcesBuildPhase section */

/* Begin PBXSourcesBuildPhase section */
		18C9CB84291C3D49001471A2 /* Sources */ = {
			isa = PBXSourcesBuildPhase;
			buildActionMask = 2147483647;
			files = (
				18C9CB9C291C5BEA001471A2 /* DrillDownSettingsView.swift in Sources */,
				18C9CBB4291D4240001471A2 /* roomSectionCardView.swift in Sources */,
				18C9CBA3291C86D2001471A2 /* person.swift in Sources */,
				18C9CB9A291C5BBB001471A2 /* UsersListView.swift in Sources */,
				18C9CBA6291C8F28001471A2 /* usersListViewModel.swift in Sources */,
				18C9CBA1291C86C1001471A2 /* room.swift in Sources */,
				18DD3726291F1E4200ABFEFD /* roomMembersView.swift in Sources */,
				18C9CBAA291C9B3D001471A2 /* peopleSectionCardView.swift in Sources */,
				18C9CB8C291C3D49001471A2 /* powerhrg_standard_take_home_challengeApp.swift in Sources */,
			);
			runOnlyForDeploymentPostprocessing = 0;
		};
/* End PBXSourcesBuildPhase section */

/* Begin XCBuildConfiguration section */
		18C9CB94291C3D4D001471A2 /* Debug */ = {
			isa = XCBuildConfiguration;
			buildSettings = {
				ALWAYS_SEARCH_USER_PATHS = NO;
				CLANG_ANALYZER_NONNULL = YES;
				CLANG_ANALYZER_NUMBER_OBJECT_CONVERSION = YES_AGGRESSIVE;
				CLANG_CXX_LANGUAGE_STANDARD = "gnu++20";
				CLANG_ENABLE_MODULES = YES;
				CLANG_ENABLE_OBJC_ARC = YES;
				CLANG_ENABLE_OBJC_WEAK = YES;
				CLANG_WARN_BLOCK_CAPTURE_AUTORELEASING = YES;
				CLANG_WARN_BOOL_CONVERSION = YES;
				CLANG_WARN_COMMA = YES;
				CLANG_WARN_CONSTANT_CONVERSION = YES;
				CLANG_WARN_DEPRECATED_OBJC_IMPLEMENTATIONS = YES;
				CLANG_WARN_DIRECT_OBJC_ISA_USAGE = YES_ERROR;
				CLANG_WARN_DOCUMENTATION_COMMENTS = YES;
				CLANG_WARN_EMPTY_BODY = YES;
				CLANG_WARN_ENUM_CONVERSION = YES;
				CLANG_WARN_INFINITE_RECURSION = YES;
				CLANG_WARN_INT_CONVERSION = YES;
				CLANG_WARN_NON_LITERAL_NULL_CONVERSION = YES;
				CLANG_WARN_OBJC_IMPLICIT_RETAIN_SELF = YES;
				CLANG_WARN_OBJC_LITERAL_CONVERSION = YES;
				CLANG_WARN_OBJC_ROOT_CLASS = YES_ERROR;
				CLANG_WARN_QUOTED_INCLUDE_IN_FRAMEWORK_HEADER = YES;
				CLANG_WARN_RANGE_LOOP_ANALYSIS = YES;
				CLANG_WARN_STRICT_PROTOTYPES = YES;
				CLANG_WARN_SUSPICIOUS_MOVE = YES;
				CLANG_WARN_UNGUARDED_AVAILABILITY = YES_AGGRESSIVE;
				CLANG_WARN_UNREACHABLE_CODE = YES;
				CLANG_WARN__DUPLICATE_METHOD_MATCH = YES;
				COPY_PHASE_STRIP = NO;
				DEBUG_INFORMATION_FORMAT = dwarf;
				ENABLE_STRICT_OBJC_MSGSEND = YES;
				ENABLE_TESTABILITY = YES;
				GCC_C_LANGUAGE_STANDARD = gnu11;
				GCC_DYNAMIC_NO_PIC = NO;
				GCC_NO_COMMON_BLOCKS = YES;
				GCC_OPTIMIZATION_LEVEL = 0;
				GCC_PREPROCESSOR_DEFINITIONS = (
					"DEBUG=1",
					"$(inherited)",
				);
				GCC_WARN_64_TO_32_BIT_CONVERSION = YES;
				GCC_WARN_ABOUT_RETURN_TYPE = YES_ERROR;
				GCC_WARN_UNDECLARED_SELECTOR = YES;
				GCC_WARN_UNINITIALIZED_AUTOS = YES_AGGRESSIVE;
				GCC_WARN_UNUSED_FUNCTION = YES;
				GCC_WARN_UNUSED_VARIABLE = YES;
				IPHONEOS_DEPLOYMENT_TARGET = 16.0;
				MTL_ENABLE_DEBUG_INFO = INCLUDE_SOURCE;
				MTL_FAST_MATH = YES;
				ONLY_ACTIVE_ARCH = YES;
				SDKROOT = iphoneos;
				SWIFT_ACTIVE_COMPILATION_CONDITIONS = DEBUG;
				SWIFT_OPTIMIZATION_LEVEL = "-Onone";
			};
			name = Debug;
		};
		18C9CB95291C3D4D001471A2 /* Release */ = {
			isa = XCBuildConfiguration;
			buildSettings = {
				ALWAYS_SEARCH_USER_PATHS = NO;
				CLANG_ANALYZER_NONNULL = YES;
				CLANG_ANALYZER_NUMBER_OBJECT_CONVERSION = YES_AGGRESSIVE;
				CLANG_CXX_LANGUAGE_STANDARD = "gnu++20";
				CLANG_ENABLE_MODULES = YES;
				CLANG_ENABLE_OBJC_ARC = YES;
				CLANG_ENABLE_OBJC_WEAK = YES;
				CLANG_WARN_BLOCK_CAPTURE_AUTORELEASING = YES;
				CLANG_WARN_BOOL_CONVERSION = YES;
				CLANG_WARN_COMMA = YES;
				CLANG_WARN_CONSTANT_CONVERSION = YES;
				CLANG_WARN_DEPRECATED_OBJC_IMPLEMENTATIONS = YES;
				CLANG_WARN_DIRECT_OBJC_ISA_USAGE = YES_ERROR;
				CLANG_WARN_DOCUMENTATION_COMMENTS = YES;
				CLANG_WARN_EMPTY_BODY = YES;
				CLANG_WARN_ENUM_CONVERSION = YES;
				CLANG_WARN_INFINITE_RECURSION = YES;
				CLANG_WARN_INT_CONVERSION = YES;
				CLANG_WARN_NON_LITERAL_NULL_CONVERSION = YES;
				CLANG_WARN_OBJC_IMPLICIT_RETAIN_SELF = YES;
				CLANG_WARN_OBJC_LITERAL_CONVERSION = YES;
				CLANG_WARN_OBJC_ROOT_CLASS = YES_ERROR;
				CLANG_WARN_QUOTED_INCLUDE_IN_FRAMEWORK_HEADER = YES;
				CLANG_WARN_RANGE_LOOP_ANALYSIS = YES;
				CLANG_WARN_STRICT_PROTOTYPES = YES;
				CLANG_WARN_SUSPICIOUS_MOVE = YES;
				CLANG_WARN_UNGUARDED_AVAILABILITY = YES_AGGRESSIVE;
				CLANG_WARN_UNREACHABLE_CODE = YES;
				CLANG_WARN__DUPLICATE_METHOD_MATCH = YES;
				COPY_PHASE_STRIP = NO;
				DEBUG_INFORMATION_FORMAT = "dwarf-with-dsym";
				ENABLE_NS_ASSERTIONS = NO;
				ENABLE_STRICT_OBJC_MSGSEND = YES;
				GCC_C_LANGUAGE_STANDARD = gnu11;
				GCC_NO_COMMON_BLOCKS = YES;
				GCC_WARN_64_TO_32_BIT_CONVERSION = YES;
				GCC_WARN_ABOUT_RETURN_TYPE = YES_ERROR;
				GCC_WARN_UNDECLARED_SELECTOR = YES;
				GCC_WARN_UNINITIALIZED_AUTOS = YES_AGGRESSIVE;
				GCC_WARN_UNUSED_FUNCTION = YES;
				GCC_WARN_UNUSED_VARIABLE = YES;
				IPHONEOS_DEPLOYMENT_TARGET = 16.0;
				MTL_ENABLE_DEBUG_INFO = NO;
				MTL_FAST_MATH = YES;
				SDKROOT = iphoneos;
				SWIFT_COMPILATION_MODE = wholemodule;
				SWIFT_OPTIMIZATION_LEVEL = "-O";
				VALIDATE_PRODUCT = YES;
			};
			name = Release;
		};
		18C9CB97291C3D4D001471A2 /* Debug */ = {
			isa = XCBuildConfiguration;
			buildSettings = {
				ASSETCATALOG_COMPILER_APPICON_NAME = AppIcon;
				ASSETCATALOG_COMPILER_GLOBAL_ACCENT_COLOR_NAME = AccentColor;
				CODE_SIGN_STYLE = Automatic;
				CURRENT_PROJECT_VERSION = 1;
				DEVELOPMENT_ASSET_PATHS = "\"powerhrg standard take home challenge/Preview Content\"";
				DEVELOPMENT_TEAM = J2Q8824S34;
				ENABLE_PREVIEWS = YES;
				GENERATE_INFOPLIST_FILE = YES;
				INFOPLIST_KEY_UIApplicationSceneManifest_Generation = YES;
				INFOPLIST_KEY_UIApplicationSupportsIndirectInputEvents = YES;
				INFOPLIST_KEY_UILaunchScreen_Generation = YES;
				INFOPLIST_KEY_UISupportedInterfaceOrientations_iPad = "UIInterfaceOrientationPortrait UIInterfaceOrientationPortraitUpsideDown UIInterfaceOrientationLandscapeLeft UIInterfaceOrientationLandscapeRight";
				INFOPLIST_KEY_UISupportedInterfaceOrientations_iPhone = "UIInterfaceOrientationPortrait UIInterfaceOrientationLandscapeLeft UIInterfaceOrientationLandscapeRight";
				LD_RUNPATH_SEARCH_PATHS = (
					"$(inherited)",
					"@executable_path/Frameworks",
				);
				MARKETING_VERSION = 1.0;
				PRODUCT_BUNDLE_IDENTIFIER = "com.powerhrg.powerhrg-standard-take-home-challenge";
				PRODUCT_NAME = "$(TARGET_NAME)";
				SWIFT_EMIT_LOC_STRINGS = YES;
				SWIFT_VERSION = 5.0;
				TARGETED_DEVICE_FAMILY = "1,2";
			};
			name = Debug;
		};
		18C9CB98291C3D4D001471A2 /* Release */ = {
			isa = XCBuildConfiguration;
			buildSettings = {
				ASSETCATALOG_COMPILER_APPICON_NAME = AppIcon;
				ASSETCATALOG_COMPILER_GLOBAL_ACCENT_COLOR_NAME = AccentColor;
				CODE_SIGN_STYLE = Automatic;
				CURRENT_PROJECT_VERSION = 1;
				DEVELOPMENT_ASSET_PATHS = "\"powerhrg standard take home challenge/Preview Content\"";
				DEVELOPMENT_TEAM = J2Q8824S34;
				ENABLE_PREVIEWS = YES;
				GENERATE_INFOPLIST_FILE = YES;
				INFOPLIST_KEY_UIApplicationSceneManifest_Generation = YES;
				INFOPLIST_KEY_UIApplicationSupportsIndirectInputEvents = YES;
				INFOPLIST_KEY_UILaunchScreen_Generation = YES;
				INFOPLIST_KEY_UISupportedInterfaceOrientations_iPad = "UIInterfaceOrientationPortrait UIInterfaceOrientationPortraitUpsideDown UIInterfaceOrientationLandscapeLeft UIInterfaceOrientationLandscapeRight";
				INFOPLIST_KEY_UISupportedInterfaceOrientations_iPhone = "UIInterfaceOrientationPortrait UIInterfaceOrientationLandscapeLeft UIInterfaceOrientationLandscapeRight";
				LD_RUNPATH_SEARCH_PATHS = (
					"$(inherited)",
					"@executable_path/Frameworks",
				);
				MARKETING_VERSION = 1.0;
				PRODUCT_BUNDLE_IDENTIFIER = "com.powerhrg.powerhrg-standard-take-home-challenge";
				PRODUCT_NAME = "$(TARGET_NAME)";
				SWIFT_EMIT_LOC_STRINGS = YES;
				SWIFT_VERSION = 5.0;
				TARGETED_DEVICE_FAMILY = "1,2";
			};
			name = Release;
		};
/* End XCBuildConfiguration section */

/* Begin XCConfigurationList section */
		18C9CB83291C3D49001471A2 /* Build configuration list for PBXProject "powerhrg standard take home challenge" */ = {
			isa = XCConfigurationList;
			buildConfigurations = (
				18C9CB94291C3D4D001471A2 /* Debug */,
				18C9CB95291C3D4D001471A2 /* Release */,
			);
			defaultConfigurationIsVisible = 0;
			defaultConfigurationName = Release;
		};
		18C9CB96291C3D4D001471A2 /* Build configuration list for PBXNativeTarget "powerhrg standard take home challenge" */ = {
			isa = XCConfigurationList;
			buildConfigurations = (
				18C9CB97291C3D4D001471A2 /* Debug */,
				18C9CB98291C3D4D001471A2 /* Release */,
			);
			defaultConfigurationIsVisible = 0;
			defaultConfigurationName = Release;
		};
/* End XCConfigurationList section */
	};
	rootObject = 18C9CB80291C3D49001471A2 /* Project object */;
}
